// !$*UTF8*$!
{
	archiveVersion = 1;
	classes = {
	};
	objectVersion = 48;
	objects = {

/* Begin PBXBuildFile section */
		3F3214761FECDA29007532F7 /* AppDelegate.swift in Sources */ = {isa = PBXBuildFile; fileRef = 3F3214751FECDA29007532F7 /* AppDelegate.swift */; };
		3F3214781FECDA29007532F7 /* ViewController.swift in Sources */ = {isa = PBXBuildFile; fileRef = 3F3214771FECDA29007532F7 /* ViewController.swift */; };
		3F32147B1FECDA29007532F7 /* Main.storyboard in Resources */ = {isa = PBXBuildFile; fileRef = 3F3214791FECDA29007532F7 /* Main.storyboard */; };
		3F32147D1FECDA29007532F7 /* Assets.xcassets in Resources */ = {isa = PBXBuildFile; fileRef = 3F32147C1FECDA29007532F7 /* Assets.xcassets */; };
		3F3214801FECDA29007532F7 /* LaunchScreen.storyboard in Resources */ = {isa = PBXBuildFile; fileRef = 3F32147E1FECDA29007532F7 /* LaunchScreen.storyboard */; };
		3F32148B1FECDA29007532F7 /* MvvmTests.swift in Sources */ = {isa = PBXBuildFile; fileRef = 3F32148A1FECDA29007532F7 /* MvvmTests.swift */; };
		3F3214961FECDA29007532F7 /* MvvmUITests.swift in Sources */ = {isa = PBXBuildFile; fileRef = 3F3214951FECDA29007532F7 /* MvvmUITests.swift */; };
/* End PBXBuildFile section */

/* Begin PBXContainerItemProxy section */
		3F3214871FECDA29007532F7 /* PBXContainerItemProxy */ = {
			isa = PBXContainerItemProxy;
			containerPortal = 3F32146A1FECDA29007532F7 /* Project object */;
			proxyType = 1;
			remoteGlobalIDString = 3F3214711FECDA29007532F7;
			remoteInfo = Mvvm;
		};
		3F3214921FECDA29007532F7 /* PBXContainerItemProxy */ = {
			isa = PBXContainerItemProxy;
			containerPortal = 3F32146A1FECDA29007532F7 /* Project object */;
			proxyType = 1;
			remoteGlobalIDString = 3F3214711FECDA29007532F7;
			remoteInfo = Mvvm;
		};
/* End PBXContainerItemProxy section */

/* Begin PBXFileReference section */
		3F3214721FECDA29007532F7 /* Mvvm.app */ = {isa = PBXFileReference; explicitFileType = wrapper.application; includeInIndex = 0; path = Mvvm.app; sourceTree = BUILT_PRODUCTS_DIR; };
		3F3214751FECDA29007532F7 /* AppDelegate.swift */ = {isa = PBXFileReference; lastKnownFileType = sourcecode.swift; path = AppDelegate.swift; sourceTree = "<group>"; };
		3F3214771FECDA29007532F7 /* ViewController.swift */ = {isa = PBXFileReference; lastKnownFileType = sourcecode.swift; path = ViewController.swift; sourceTree = "<group>"; };
		3F32147A1FECDA29007532F7 /* Base */ = {isa = PBXFileReference; lastKnownFileType = file.storyboard; name = Base; path = Base.lproj/Main.storyboard; sourceTree = "<group>"; };
		3F32147C1FECDA29007532F7 /* Assets.xcassets */ = {isa = PBXFileReference; lastKnownFileType = folder.assetcatalog; path = Assets.xcassets; sourceTree = "<group>"; };
		3F32147F1FECDA29007532F7 /* Base */ = {isa = PBXFileReference; lastKnownFileType = file.storyboard; name = Base; path = Base.lproj/LaunchScreen.storyboard; sourceTree = "<group>"; };
		3F3214811FECDA29007532F7 /* Info.plist */ = {isa = PBXFileReference; lastKnownFileType = text.plist.xml; path = Info.plist; sourceTree = "<group>"; };
		3F3214861FECDA29007532F7 /* MvvmTests.xctest */ = {isa = PBXFileReference; explicitFileType = wrapper.cfbundle; includeInIndex = 0; path = MvvmTests.xctest; sourceTree = BUILT_PRODUCTS_DIR; };
		3F32148A1FECDA29007532F7 /* MvvmTests.swift */ = {isa = PBXFileReference; lastKnownFileType = sourcecode.swift; path = MvvmTests.swift; sourceTree = "<group>"; };
		3F32148C1FECDA29007532F7 /* Info.plist */ = {isa = PBXFileReference; lastKnownFileType = text.plist.xml; path = Info.plist; sourceTree = "<group>"; };
		3F3214911FECDA29007532F7 /* MvvmUITests.xctest */ = {isa = PBXFileReference; explicitFileType = wrapper.cfbundle; includeInIndex = 0; path = MvvmUITests.xctest; sourceTree = BUILT_PRODUCTS_DIR; };
		3F3214951FECDA29007532F7 /* MvvmUITests.swift */ = {isa = PBXFileReference; lastKnownFileType = sourcecode.swift; path = MvvmUITests.swift; sourceTree = "<group>"; };
		3F3214971FECDA29007532F7 /* Info.plist */ = {isa = PBXFileReference; lastKnownFileType = text.plist.xml; path = Info.plist; sourceTree = "<group>"; };
/* End PBXFileReference section */

/* Begin PBXFrameworksBuildPhase section */
		3F32146F1FECDA29007532F7 /* Frameworks */ = {
			isa = PBXFrameworksBuildPhase;
			buildActionMask = 2147483647;
			files = (
			);
			runOnlyForDeploymentPostprocessing = 0;
		};
		3F3214831FECDA29007532F7 /* Frameworks */ = {
			isa = PBXFrameworksBuildPhase;
			buildActionMask = 2147483647;
			files = (
			);
			runOnlyForDeploymentPostprocessing = 0;
		};
		3F32148E1FECDA29007532F7 /* Frameworks */ = {
			isa = PBXFrameworksBuildPhase;
			buildActionMask = 2147483647;
			files = (
			);
			runOnlyForDeploymentPostprocessing = 0;
		};
/* End PBXFrameworksBuildPhase section */

/* Begin PBXGroup section */
		3F3214691FECDA29007532F7 = {
			isa = PBXGroup;
			children = (
				3F3214741FECDA29007532F7 /* Mvvm */,
				3F3214891FECDA29007532F7 /* MvvmTests */,
				3F3214941FECDA29007532F7 /* MvvmUITests */,
				3F3214731FECDA29007532F7 /* Products */,
			);
			sourceTree = "<group>";
		};
		3F3214731FECDA29007532F7 /* Products */ = {
			isa = PBXGroup;
			children = (
				3F3214721FECDA29007532F7 /* Mvvm.app */,
				3F3214861FECDA29007532F7 /* MvvmTests.xctest */,
				3F3214911FECDA29007532F7 /* MvvmUITests.xctest */,
			);
			name = Products;
			sourceTree = "<group>";
		};
		3F3214741FECDA29007532F7 /* Mvvm */ = {
			isa = PBXGroup;
			children = (
				3F3214751FECDA29007532F7 /* AppDelegate.swift */,
				3F3214771FECDA29007532F7 /* ViewController.swift */,
				3F3214791FECDA29007532F7 /* Main.storyboard */,
				3F32147C1FECDA29007532F7 /* Assets.xcassets */,
				3F32147E1FECDA29007532F7 /* LaunchScreen.storyboard */,
				3F3214811FECDA29007532F7 /* Info.plist */,
			);
			path = Mvvm;
			sourceTree = "<group>";
		};
		3F3214891FECDA29007532F7 /* MvvmTests */ = {
			isa = PBXGroup;
			children = (
				3F32148A1FECDA29007532F7 /* MvvmTests.swift */,
				3F32148C1FECDA29007532F7 /* Info.plist */,
			);
			path = MvvmTests;
			sourceTree = "<group>";
		};
		3F3214941FECDA29007532F7 /* MvvmUITests */ = {
			isa = PBXGroup;
			children = (
				3F3214951FECDA29007532F7 /* MvvmUITests.swift */,
				3F3214971FECDA29007532F7 /* Info.plist */,
			);
			path = MvvmUITests;
			sourceTree = "<group>";
		};
/* End PBXGroup section */

/* Begin PBXNativeTarget section */
		3F3214711FECDA29007532F7 /* Mvvm */ = {
			isa = PBXNativeTarget;
			buildConfigurationList = 3F32149A1FECDA29007532F7 /* Build configuration list for PBXNativeTarget "Mvvm" */;
			buildPhases = (
				3F32146E1FECDA29007532F7 /* Sources */,
				3F32146F1FECDA29007532F7 /* Frameworks */,
				3F3214701FECDA29007532F7 /* Resources */,
			);
			buildRules = (
			);
			dependencies = (
			);
			name = Mvvm;
			productName = Mvvm;
			productReference = 3F3214721FECDA29007532F7 /* Mvvm.app */;
			productType = "com.apple.product-type.application";
		};
		3F3214851FECDA29007532F7 /* MvvmTests */ = {
			isa = PBXNativeTarget;
			buildConfigurationList = 3F32149D1FECDA29007532F7 /* Build configuration list for PBXNativeTarget "MvvmTests" */;
			buildPhases = (
				3F3214821FECDA29007532F7 /* Sources */,
				3F3214831FECDA29007532F7 /* Frameworks */,
				3F3214841FECDA29007532F7 /* Resources */,
			);
			buildRules = (
			);
			dependencies = (
				3F3214881FECDA29007532F7 /* PBXTargetDependency */,
			);
			name = MvvmTests;
			productName = MvvmTests;
			productReference = 3F3214861FECDA29007532F7 /* MvvmTests.xctest */;
			productType = "com.apple.product-type.bundle.unit-test";
		};
		3F3214901FECDA29007532F7 /* MvvmUITests */ = {
			isa = PBXNativeTarget;
			buildConfigurationList = 3F3214A01FECDA29007532F7 /* Build configuration list for PBXNativeTarget "MvvmUITests" */;
			buildPhases = (
				3F32148D1FECDA29007532F7 /* Sources */,
				3F32148E1FECDA29007532F7 /* Frameworks */,
				3F32148F1FECDA29007532F7 /* Resources */,
			);
			buildRules = (
			);
			dependencies = (
				3F3214931FECDA29007532F7 /* PBXTargetDependency */,
			);
			name = MvvmUITests;
			productName = MvvmUITests;
			productReference = 3F3214911FECDA29007532F7 /* MvvmUITests.xctest */;
			productType = "com.apple.product-type.bundle.ui-testing";
		};
/* End PBXNativeTarget section */

/* Begin PBXProject section */
		3F32146A1FECDA29007532F7 /* Project object */ = {
			isa = PBXProject;
			attributes = {
				LastSwiftUpdateCheck = 0920;
				LastUpgradeCheck = 0920;
				ORGANIZATIONNAME = hbh112;
				TargetAttributes = {
					3F3214711FECDA29007532F7 = {
						CreatedOnToolsVersion = 9.2;
						ProvisioningStyle = Automatic;
					};
					3F3214851FECDA29007532F7 = {
						CreatedOnToolsVersion = 9.2;
						ProvisioningStyle = Automatic;
						TestTargetID = 3F3214711FECDA29007532F7;
					};
					3F3214901FECDA29007532F7 = {
						CreatedOnToolsVersion = 9.2;
						ProvisioningStyle = Automatic;
						TestTargetID = 3F3214711FECDA29007532F7;
					};
				};
			};
			buildConfigurationList = 3F32146D1FECDA29007532F7 /* Build configuration list for PBXProject "Mvvm" */;
			compatibilityVersion = "Xcode 8.0";
			developmentRegion = en;
			hasScannedForEncodings = 0;
			knownRegions = (
				en,
				Base,
			);
			mainGroup = 3F3214691FECDA29007532F7;
			productRefGroup = 3F3214731FECDA29007532F7 /* Products */;
			projectDirPath = "";
			projectRoot = "";
			targets = (
				3F3214711FECDA29007532F7 /* Mvvm */,
				3F3214851FECDA29007532F7 /* MvvmTests */,
				3F3214901FECDA29007532F7 /* MvvmUITests */,
			);
		};
/* End PBXProject section */

/* Begin PBXResourcesBuildPhase section */
		3F3214701FECDA29007532F7 /* Resources */ = {
			isa = PBXResourcesBuildPhase;
			buildActionMask = 2147483647;
			files = (
				3F3214801FECDA29007532F7 /* LaunchScreen.storyboard in Resources */,
				3F32147D1FECDA29007532F7 /* Assets.xcassets in Resources */,
				3F32147B1FECDA29007532F7 /* Main.storyboard in Resources */,
			);
			runOnlyForDeploymentPostprocessing = 0;
		};
		3F3214841FECDA29007532F7 /* Resources */ = {
			isa = PBXResourcesBuildPhase;
			buildActionMask = 2147483647;
			files = (
			);
			runOnlyForDeploymentPostprocessing = 0;
		};
		3F32148F1FECDA29007532F7 /* Resources */ = {
			isa = PBXResourcesBuildPhase;
			buildActionMask = 2147483647;
			files = (
			);
			runOnlyForDeploymentPostprocessing = 0;
		};
/* End PBXResourcesBuildPhase section */

/* Begin PBXSourcesBuildPhase section */
		3F32146E1FECDA29007532F7 /* Sources */ = {
			isa = PBXSourcesBuildPhase;
			buildActionMask = 2147483647;
			files = (
				3F3214781FECDA29007532F7 /* ViewController.swift in Sources */,
				3F3214761FECDA29007532F7 /* AppDelegate.swift in Sources */,
			);
			runOnlyForDeploymentPostprocessing = 0;
		};
		3F3214821FECDA29007532F7 /* Sources */ = {
			isa = PBXSourcesBuildPhase;
			buildActionMask = 2147483647;
			files = (
				3F32148B1FECDA29007532F7 /* MvvmTests.swift in Sources */,
			);
			runOnlyForDeploymentPostprocessing = 0;
		};
		3F32148D1FECDA29007532F7 /* Sources */ = {
			isa = PBXSourcesBuildPhase;
			buildActionMask = 2147483647;
			files = (
				3F3214961FECDA29007532F7 /* MvvmUITests.swift in Sources */,
			);
			runOnlyForDeploymentPostprocessing = 0;
		};
/* End PBXSourcesBuildPhase section */

/* Begin PBXTargetDependency section */
		3F3214881FECDA29007532F7 /* PBXTargetDependency */ = {
			isa = PBXTargetDependency;
			target = 3F3214711FECDA29007532F7 /* Mvvm */;
			targetProxy = 3F3214871FECDA29007532F7 /* PBXContainerItemProxy */;
		};
		3F3214931FECDA29007532F7 /* PBXTargetDependency */ = {
			isa = PBXTargetDependency;
			target = 3F3214711FECDA29007532F7 /* Mvvm */;
			targetProxy = 3F3214921FECDA29007532F7 /* PBXContainerItemProxy */;
		};
/* End PBXTargetDependency section */

/* Begin PBXVariantGroup section */
		3F3214791FECDA29007532F7 /* Main.storyboard */ = {
			isa = PBXVariantGroup;
			children = (
				3F32147A1FECDA29007532F7 /* Base */,
			);
			name = Main.storyboard;
			sourceTree = "<group>";
		};
		3F32147E1FECDA29007532F7 /* LaunchScreen.storyboard */ = {
			isa = PBXVariantGroup;
			children = (
				3F32147F1FECDA29007532F7 /* Base */,
			);
			name = LaunchScreen.storyboard;
			sourceTree = "<group>";
		};
/* End PBXVariantGroup section */

/* Begin XCBuildConfiguration section */
		3F3214981FECDA29007532F7 /* Debug */ = {
			isa = XCBuildConfiguration;
			buildSettings = {
				ALWAYS_SEARCH_USER_PATHS = NO;
				CLANG_ANALYZER_NONNULL = YES;
				CLANG_ANALYZER_NUMBER_OBJECT_CONVERSION = YES_AGGRESSIVE;
				CLANG_CXX_LANGUAGE_STANDARD = "gnu++14";
				CLANG_CXX_LIBRARY = "libc++";
				CLANG_ENABLE_MODULES = YES;
				CLANG_ENABLE_OBJC_ARC = YES;
				CLANG_WARN_BLOCK_CAPTURE_AUTORELEASING = YES;
				CLANG_WARN_BOOL_CONVERSION = YES;
				CLANG_WARN_COMMA = YES;
				CLANG_WARN_CONSTANT_CONVERSION = YES;
				CLANG_WARN_DIRECT_OBJC_ISA_USAGE = YES_ERROR;
				CLANG_WARN_DOCUMENTATION_COMMENTS = YES;
				CLANG_WARN_EMPTY_BODY = YES;
				CLANG_WARN_ENUM_CONVERSION = YES;
				CLANG_WARN_INFINITE_RECURSION = YES;
				CLANG_WARN_INT_CONVERSION = YES;
				CLANG_WARN_NON_LITERAL_NULL_CONVERSION = YES;
				CLANG_WARN_OBJC_LITERAL_CONVERSION = YES;
				CLANG_WARN_OBJC_ROOT_CLASS = YES_ERROR;
				CLANG_WARN_RANGE_LOOP_ANALYSIS = YES;
				CLANG_WARN_STRICT_PROTOTYPES = YES;
				CLANG_WARN_SUSPICIOUS_MOVE = YES;
				CLANG_WARN_UNGUARDED_AVAILABILITY = YES_AGGRESSIVE;
				CLANG_WARN_UNREACHABLE_CODE = YES;
				CLANG_WARN__DUPLICATE_METHOD_MATCH = YES;
				CODE_SIGN_IDENTITY = "iPhone Developer";
				COPY_PHASE_STRIP = NO;
				DEBUG_INFORMATION_FORMAT = dwarf;
				ENABLE_STRICT_OBJC_MSGSEND = YES;
				ENABLE_TESTABILITY = YES;
				GCC_C_LANGUAGE_STANDARD = gnu11;
				GCC_DYNAMIC_NO_PIC = NO;
				GCC_NO_COMMON_BLOCKS = YES;
				GCC_OPTIMIZATION_LEVEL = 0;
				GCC_PREPROCESSOR_DEFINITIONS = (
					"DEBUG=1",
					"$(inherited)",
				);
				GCC_WARN_64_TO_32_BIT_CONVERSION = YES;
				GCC_WARN_ABOUT_RETURN_TYPE = YES_ERROR;
				GCC_WARN_UNDECLARED_SELECTOR = YES;
				GCC_WARN_UNINITIALIZED_AUTOS = YES_AGGRESSIVE;
				GCC_WARN_UNUSED_FUNCTION = YES;
				GCC_WARN_UNUSED_VARIABLE = YES;
				IPHONEOS_DEPLOYMENT_TARGET = 11.2;
				MTL_ENABLE_DEBUG_INFO = YES;
				ONLY_ACTIVE_ARCH = YES;
				SDKROOT = iphoneos;
				SWIFT_ACTIVE_COMPILATION_CONDITIONS = DEBUG;
				SWIFT_OPTIMIZATION_LEVEL = "-Onone";
			};
			name = Debug;
		};
		3F3214991FECDA29007532F7 /* Release */ = {
			isa = XCBuildConfiguration;
			buildSettings = {
				ALWAYS_SEARCH_USER_PATHS = NO;
				CLANG_ANALYZER_NONNULL = YES;
				CLANG_ANALYZER_NUMBER_OBJECT_CONVERSION = YES_AGGRESSIVE;
				CLANG_CXX_LANGUAGE_STANDARD = "gnu++14";
				CLANG_CXX_LIBRARY = "libc++";
				CLANG_ENABLE_MODULES = YES;
				CLANG_ENABLE_OBJC_ARC = YES;
				CLANG_WARN_BLOCK_CAPTURE_AUTORELEASING = YES;
				CLANG_WARN_BOOL_CONVERSION = YES;
				CLANG_WARN_COMMA = YES;
				CLANG_WARN_CONSTANT_CONVERSION = YES;
				CLANG_WARN_DIRECT_OBJC_ISA_USAGE = YES_ERROR;
				CLANG_WARN_DOCUMENTATION_COMMENTS = YES;
				CLANG_WARN_EMPTY_BODY = YES;
				CLANG_WARN_ENUM_CONVERSION = YES;
				CLANG_WARN_INFINITE_RECURSION = YES;
				CLANG_WARN_INT_CONVERSION = YES;
				CLANG_WARN_NON_LITERAL_NULL_CONVERSION = YES;
				CLANG_WARN_OBJC_LITERAL_CONVERSION = YES;
				CLANG_WARN_OBJC_ROOT_CLASS = YES_ERROR;
				CLANG_WARN_RANGE_LOOP_ANALYSIS = YES;
				CLANG_WARN_STRICT_PROTOTYPES = YES;
				CLANG_WARN_SUSPICIOUS_MOVE = YES;
				CLANG_WARN_UNGUARDED_AVAILABILITY = YES_AGGRESSIVE;
				CLANG_WARN_UNREACHABLE_CODE = YES;
				CLANG_WARN__DUPLICATE_METHOD_MATCH = YES;
				CODE_SIGN_IDENTITY = "iPhone Developer";
				COPY_PHASE_STRIP = NO;
				DEBUG_INFORMATION_FORMAT = "dwarf-with-dsym";
				ENABLE_NS_ASSERTIONS = NO;
				ENABLE_STRICT_OBJC_MSGSEND = YES;
				GCC_C_LANGUAGE_STANDARD = gnu11;
				GCC_NO_COMMON_BLOCKS = YES;
				GCC_WARN_64_TO_32_BIT_CONVERSION = YES;
				GCC_WARN_ABOUT_RETURN_TYPE = YES_ERROR;
				GCC_WARN_UNDECLARED_SELECTOR = YES;
				GCC_WARN_UNINITIALIZED_AUTOS = YES_AGGRESSIVE;
				GCC_WARN_UNUSED_FUNCTION = YES;
				GCC_WARN_UNUSED_VARIABLE = YES;
				IPHONEOS_DEPLOYMENT_TARGET = 11.2;
				MTL_ENABLE_DEBUG_INFO = NO;
				SDKROOT = iphoneos;
				SWIFT_OPTIMIZATION_LEVEL = "-Owholemodule";
				VALIDATE_PRODUCT = YES;
			};
			name = Release;
		};
		3F32149B1FECDA29007532F7 /* Debug */ = {
			isa = XCBuildConfiguration;
			buildSettings = {
				ASSETCATALOG_COMPILER_APPICON_NAME = AppIcon;
				CODE_SIGN_STYLE = Automatic;
				DEVELOPMENT_TEAM = F7LD2XB2EE;
				INFOPLIST_FILE = Mvvm/Info.plist;
				LD_RUNPATH_SEARCH_PATHS = "$(inherited) @executable_path/Frameworks";
				PRODUCT_BUNDLE_IDENTIFIER = EASYAR.Mvvm;
				PRODUCT_NAME = "$(TARGET_NAME)";
				SWIFT_VERSION = 4.0;
				TARGETED_DEVICE_FAMILY = "1,2";
			};
			name = Debug;
		};
		3F32149C1FECDA29007532F7 /* Release */ = {
			isa = XCBuildConfiguration;
			buildSettings = {
				ASSETCATALOG_COMPILER_APPICON_NAME = AppIcon;
				CODE_SIGN_STYLE = Automatic;
				DEVELOPMENT_TEAM = F7LD2XB2EE;
				INFOPLIST_FILE = Mvvm/Info.plist;
				LD_RUNPATH_SEARCH_PATHS = "$(inherited) @executable_path/Frameworks";
				PRODUCT_BUNDLE_IDENTIFIER = EASYAR.Mvvm;
				PRODUCT_NAME = "$(TARGET_NAME)";
				SWIFT_VERSION = 4.0;
				TARGETED_DEVICE_FAMILY = "1,2";
			};
			name = Release;
		};
		3F32149E1FECDA29007532F7 /* Debug */ = {
			isa = XCBuildConfiguration;
			buildSettings = {
				ALWAYS_EMBED_SWIFT_STANDARD_LIBRARIES = YES;
				BUNDLE_LOADER = "$(TEST_HOST)";
				CODE_SIGN_STYLE = Automatic;
				DEVELOPMENT_TEAM = F7LD2XB2EE;
				INFOPLIST_FILE = MvvmTests/Info.plist;
				LD_RUNPATH_SEARCH_PATHS = "$(inherited) @executable_path/Frameworks @loader_path/Frameworks";
				PRODUCT_BUNDLE_IDENTIFIER = EASYAR.MvvmTests;
				PRODUCT_NAME = "$(TARGET_NAME)";
				SWIFT_VERSION = 4.0;
				TARGETED_DEVICE_FAMILY = "1,2";
				TEST_HOST = "$(BUILT_PRODUCTS_DIR)/Mvvm.app/Mvvm";
			};
			name = Debug;
		};
		3F32149F1FECDA29007532F7 /* Release */ = {
			isa = XCBuildConfiguration;
			buildSettings = {
				ALWAYS_EMBED_SWIFT_STANDARD_LIBRARIES = YES;
				BUNDLE_LOADER = "$(TEST_HOST)";
				CODE_SIGN_STYLE = Automatic;
				DEVELOPMENT_TEAM = F7LD2XB2EE;
				INFOPLIST_FILE = MvvmTests/Info.plist;
				LD_RUNPATH_SEARCH_PATHS = "$(inherited) @executable_path/Frameworks @loader_path/Frameworks";
				PRODUCT_BUNDLE_IDENTIFIER = EASYAR.MvvmTests;
				PRODUCT_NAME = "$(TARGET_NAME)";
				SWIFT_VERSION = 4.0;
				TARGETED_DEVICE_FAMILY = "1,2";
				TEST_HOST = "$(BUILT_PRODUCTS_DIR)/Mvvm.app/Mvvm";
			};
			name = Release;
		};
		3F3214A11FECDA29007532F7 /* Debug */ = {
			isa = XCBuildConfiguration;
			buildSettings = {
				ALWAYS_EMBED_SWIFT_STANDARD_LIBRARIES = YES;
				CODE_SIGN_STYLE = Automatic;
				DEVELOPMENT_TEAM = F7LD2XB2EE;
				INFOPLIST_FILE = MvvmUITests/Info.plist;
				LD_RUNPATH_SEARCH_PATHS = "$(inherited) @executable_path/Frameworks @loader_path/Frameworks";
				PRODUCT_BUNDLE_IDENTIFIER = EASYAR.MvvmUITests;
				PRODUCT_NAME = "$(TARGET_NAME)";
				SWIFT_VERSION = 4.0;
				TARGETED_DEVICE_FAMILY = "1,2";
				TEST_TARGET_NAME = Mvvm;
			};
			name = Debug;
		};
		3F3214A21FECDA29007532F7 /* Release */ = {
			isa = XCBuildConfiguration;
			buildSettings = {
				ALWAYS_EMBED_SWIFT_STANDARD_LIBRARIES = YES;
				CODE_SIGN_STYLE = Automatic;
				DEVELOPMENT_TEAM = F7LD2XB2EE;
				INFOPLIST_FILE = MvvmUITests/Info.plist;
				LD_RUNPATH_SEARCH_PATHS = "$(inherited) @executable_path/Frameworks @loader_path/Frameworks";
				PRODUCT_BUNDLE_IDENTIFIER = EASYAR.MvvmUITests;
				PRODUCT_NAME = "$(TARGET_NAME)";
				SWIFT_VERSION = 4.0;
				TARGETED_DEVICE_FAMILY = "1,2";
				TEST_TARGET_NAME = Mvvm;
			};
			name = Release;
		};
/* End XCBuildConfiguration section */

/* Begin XCConfigurationList section */
		3F32146D1FECDA29007532F7 /* Build configuration list for PBXProject "Mvvm" */ = {
			isa = XCConfigurationList;
			buildConfigurations = (
				3F3214981FECDA29007532F7 /* Debug */,
				3F3214991FECDA29007532F7 /* Release */,
			);
			defaultConfigurationIsVisible = 0;
			defaultConfigurationName = Release;
		};
		3F32149A1FECDA29007532F7 /* Build configuration list for PBXNativeTarget "Mvvm" */ = {
			isa = XCConfigurationList;
			buildConfigurations = (
				3F32149B1FECDA29007532F7 /* Debug */,
				3F32149C1FECDA29007532F7 /* Release */,
			);
			defaultConfigurationIsVisible = 0;
			defaultConfigurationName = Release;
		};
		3F32149D1FECDA29007532F7 /* Build configuration list for PBXNativeTarget "MvvmTests" */ = {
			isa = XCConfigurationList;
			buildConfigurations = (
				3F32149E1FECDA29007532F7 /* Debug */,
				3F32149F1FECDA29007532F7 /* Release */,
			);
			defaultConfigurationIsVisible = 0;
			defaultConfigurationName = Release;
		};
		3F3214A01FECDA29007532F7 /* Build configuration list for PBXNativeTarget "MvvmUITests" */ = {
			isa = XCConfigurationList;
			buildConfigurations = (
				3F3214A11FECDA29007532F7 /* Debug */,
				3F3214A21FECDA29007532F7 /* Release */,
			);
			defaultConfigurationIsVisible = 0;
			defaultConfigurationName = Release;
		};
/* End XCConfigurationList section */
	};
	rootObject = 3F32146A1FECDA29007532F7 /* Project object */;
}
